<?xml version="1.0" encoding="UTF-8" standalone="yes" ?>
<CodeBlocks_project_file>
	<FileVersion major="1" minor="6" />
	<Project>
		<Option title="darts probability tester" />
		<Option pch_mode="2" />
		<Option compiler="gcc" />
		<Build>
			<Target title="Debug">
				<Option output="bin/Debug/darts probability tester" prefix_auto="1" extension_auto="1" />
				<Option object_output="obj/Debug/" />
				<Option type="1" />
				<Option compiler="gcc" />
				<Compiler>
					<Add option="-g" />
				</Compiler>
			</Target>
			<Target title="Release">
				<Option output="bin/Release/darts probability tester" prefix_auto="1" extension_auto="1" />
				<Option object_output="obj/Release/" />
				<Option type="1" />
				<Option compiler="gcc" />
				<Compiler>
					<Add option="-O2" />
				</Compiler>
				<Linker>
					<Add option="-s" />
				</Linker>
			</Target>
		</Build>
		<Compiler>
			<Add option="-Wall" />
			<Add option="-fexceptions" />
			<Add directory="C:/Users/filip/Documents/GitHub/main/C &amp; C++/1.FINKI/1.other/darts probability tester/include" />
			<Add directory="C:/Users/filip/Documents/GitHub/main/C &amp; C++/1.FINKI/1.other/darts probability tester/pcg-cpp-0.98/include" />
		</Compiler>
		<Linker>
			<Add library="C:/Program Files/CodeBlocks/MinGW/lib/chilkat-9.5.0-x86_64-8.1.0-posix-seh-rt_v6-rev0/libchilkat-9.5.0.a" />
		</Linker>
		<Unit filename="main.cpp" />
		<Extensions />
	</Project>
</CodeBlocks_project_file>
